{
  "name": "void-market",
  "version": "0.0.1",
  "lockfileVersion": 3,
  "requires": true,
  "packages": {
    "": {
      "name": "void-market",
      "version": "0.0.1",
      "license": "ISC",
      "workspaces": [
        "shared",
        "server",
        "client"
      ],
      "devDependencies": {
        "@types/node": "^25.5.0",
        "typescript": "~5.8.3"
      },
      "engines": {
        "node": ">=22.0.0"
      }
    },
    "client": {
      "name": "@void-market/client",
      "version": "0.0.1",
      "dependencies": {
        "@void-market/shared": "*"
      }
    },
    "node_modules/@types/node": {
      "version": "25.5.0",
      "resolved": "https://registry.npmjs.org/@types/node/-/node-25.5.0.tgz",
      "integrity": "sha512-jp2P3tQMSxWugkCUKLRPVUpGaL5MVFwF8RDuSRztfwgN1wmqJeMSbKlnEtQqU8UrhTmzEmZdu2I6v2dpp7XIxw==",
      "dev": true,
      "license": "MIT",
      "dependencies": {
        "undici-types": "~7.18.0"
      }
    },
    "node_modules/@void-market/client": {
      "resolved": "client",
      "link": true
    },
    "node_modules/@void-market/server": {
      "resolved": "server",
      "link": true
    },
    "node_modules/@void-market/shared": {
      "resolved": "shared",
      "link": true
    },
    "node_modules/typescript": {
      "version": "5.8.3",
      "resolved": "https://registry.npmjs.org/typescript/-/typescript-5.8.3.tgz",
      "integrity": "sha512-p1diW6TqL9L07nNxvRMM7hMMw4c5XOo/1ibL4aAIGmSAt9slTE1Xgw5KWuof2uTOvCg9BY7ZRi+GaF+7sfgPeQ==",
      "dev": true,
      "license": "Apache-2.0",
      "bin": {
        "tsc": "bin/tsc",
        "tsserver": "bin/tsserver"
      },
      "engines": {
        "node": ">=14.17"
      }
    },
    "node_modules/undici-types": {
      "version": "7.18.2",
      "resolved": "https://registry.npmjs.org/undici-types/-/undici-types-7.18.2.tgz",
      "integrity": "sha512-AsuCzffGHJybSaRrmr5eHr81mwJU3kjw6M+uprWvCXiNeN9SOGwQ3Jn8jb8m3Z6izVgknn1R0FTCEAP2QrLY/w==",
      "dev": true,
      "license": "MIT"
    },
    "server": {
      "name": "@void-market/server",
      "version": "0.0.1",
      "dependencies": {
        "@void-market/shared": "*"
      }
    },
    "shared": {
      "name": "@void-market/shared",
      "version": "0.0.1"
    }
  }
}
